
Microsoft Visual Studio Solution File, Format Version 12.00
# Visual Studio Version 17
VisualStudioVersion = 17.5.33516.290
MinimumVisualStudioVersion = 10.0.40219.1
Project("{9A19103F-16F7-4668-BE54-9A1E7A4F7556}") = "API_BanSach", "API_BanSach\API_BanSach.csproj", "{319B3130-0B62-4AED-9AC4-7DAB575609CD}"
EndProject
Project("{9A19103F-16F7-4668-BE54-9A1E7A4F7556}") = "DataModel", "DataModel\DataModel.csproj", "{46AFF7EA-1168-4AA7-82D1-02F782390274}"
EndProject
Project("{9A19103F-16F7-4668-BE54-9A1E7A4F7556}") = "DAL", "DAL\DAL.csproj", "{2485DD5A-C338-4BA4-B045-6EA46FF943E8}"
EndProject
Project("{9A19103F-16F7-4668-BE54-9A1E7A4F7556}") = "BLL", "BLL\BLL.csproj", "{01D92B64-05D1-4974-BB0C-DC3ED95370AA}"
EndProject
Global
	GlobalSection(SolutionConfigurationPlatforms) = preSolution
		Debug|Any CPU = Debug|Any CPU
		Release|Any CPU = Release|Any CPU
	EndGlobalSection
	GlobalSection(ProjectConfigurationPlatforms) = postSolution
		{319B3130-0B62-4AED-9AC4-7DAB575609CD}.Debug|Any CPU.ActiveCfg = Debug|Any CPU
		{319B3130-0B62-4AED-9AC4-7DAB575609CD}.Debug|Any CPU.Build.0 = Debug|Any CPU
		{319B3130-0B62-4AED-9AC4-7DAB575609CD}.Release|Any CPU.ActiveCfg = Release|Any CPU
		{319B3130-0B62-4AED-9AC4-7DAB575609CD}.Release|Any CPU.Build.0 = Release|Any CPU
		{46AFF7EA-1168-4AA7-82D1-02F782390274}.Debug|Any CPU.ActiveCfg = Debug|Any CPU
		{46AFF7EA-1168-4AA7-82D1-02F782390274}.Debug|Any CPU.Build.0 = Debug|Any CPU
		{46AFF7EA-1168-4AA7-82D1-02F782390274}.Release|Any CPU.ActiveCfg = Release|Any CPU
		{46AFF7EA-1168-4AA7-82D1-02F782390274}.Release|Any CPU.Build.0 = Release|Any CPU
		{2485DD5A-C338-4BA4-B045-6EA46FF943E8}.Debug|Any CPU.ActiveCfg = Debug|Any CPU
		{2485DD5A-C338-4BA4-B045-6EA46FF943E8}.Debug|Any CPU.Build.0 = Debug|Any CPU
		{2485DD5A-C338-4BA4-B045-6EA46FF943E8}.Release|Any CPU.ActiveCfg = Release|Any CPU
		{2485DD5A-C338-4BA4-B045-6EA46FF943E8}.Release|Any CPU.Build.0 = Release|Any CPU
		{01D92B64-05D1-4974-BB0C-DC3ED95370AA}.Debug|Any CPU.ActiveCfg = Debug|Any CPU
		{01D92B64-05D1-4974-BB0C-DC3ED95370AA}.Debug|Any CPU.Build.0 = Debug|Any CPU
		{01D92B64-05D1-4974-BB0C-DC3ED95370AA}.Release|Any CPU.ActiveCfg = Release|Any CPU
		{01D92B64-05D1-4974-BB0C-DC3ED95370AA}.Release|Any CPU.Build.0 = Release|Any CPU
	EndGlobalSection
	GlobalSection(SolutionProperties) = preSolution
		HideSolutionNode = FALSE
	EndGlobalSection
	GlobalSection(ExtensibilityGlobals) = postSolution
		SolutionGuid = {0E7A88C9-4AF4-460C-85DF-94715E876DAD}
	EndGlobalSection
EndGlobal
